
Microsoft Visual Studio Solution File, Format Version 12.00
# Visual Studio 15
VisualStudioVersion = 15.0.28010.2016
MinimumVisualStudioVersion = 10.0.40219.1
Project("{FAE04EC0-301F-11D3-BF4B-00C04F79EFBC}") = "Sectoral.Web", "Sectoral.Web\Sectoral.Web.csproj", "{DC633551-D919-4776-B032-49946FAF6246}"
EndProject
Global
	GlobalSection(SolutionConfigurationPlatforms) = preSolution
		Debug|Any CPU = Debug|Any CPU
		Release|Any CPU = Release|Any CPU
	EndGlobalSection
	GlobalSection(ProjectConfigurationPlatforms) = postSolution
		{DC633551-D919-4776-B032-49946FAF6246}.Debug|Any CPU.ActiveCfg = Debug|Any CPU
		{DC633551-D919-4776-B032-49946FAF6246}.Debug|Any CPU.Build.0 = Debug|Any CPU
		{DC633551-D919-4776-B032-49946FAF6246}.Release|Any CPU.ActiveCfg = Release|Any CPU
		{DC633551-D919-4776-B032-49946FAF6246}.Release|Any CPU.Build.0 = Release|Any CPU
	EndGlobalSection
	GlobalSection(SolutionProperties) = preSolution
		HideSolutionNode = FALSE
	EndGlobalSection
	GlobalSection(ExtensibilityGlobals) = postSolution
		SolutionGuid = {2E406D00-1C9E-4443-8925-105E6864BA05}
	EndGlobalSection
EndGlobal
